// !$*UTF8*$!
{
	archiveVersion = 1;
	classes = {
	};
	objectVersion = 46;
	objects = {

/* Begin PBXBuildFile section */
		733916F71CF73880007A3D7F /* main.m in Sources */ = {isa = PBXBuildFile; fileRef = 733916F61CF73880007A3D7F /* main.m */; };
		733916FA1CF73880007A3D7F /* AppDelegate.m in Sources */ = {isa = PBXBuildFile; fileRef = 733916F91CF73880007A3D7F /* AppDelegate.m */; };
		733916FD1CF73880007A3D7F /* ViewController.m in Sources */ = {isa = PBXBuildFile; fileRef = 733916FC1CF73880007A3D7F /* ViewController.m */; };
		733917001CF73880007A3D7F /* Main.storyboard in Resources */ = {isa = PBXBuildFile; fileRef = 733916FE1CF73880007A3D7F /* Main.storyboard */; };
		733917021CF73880007A3D7F /* Assets.xcassets in Resources */ = {isa = PBXBuildFile; fileRef = 733917011CF73880007A3D7F /* Assets.xcassets */; };
		733917051CF73880007A3D7F /* LaunchScreen.storyboard in Resources */ = {isa = PBXBuildFile; fileRef = 733917031CF73880007A3D7F /* LaunchScreen.storyboard */; };
		733917101CF73880007A3D7F /* wqrewkTests.m in Sources */ = {isa = PBXBuildFile; fileRef = 7339170F1CF73880007A3D7F /* wqrewkTests.m */; };
		7339171B1CF73880007A3D7F /* wqrewkUITests.m in Sources */ = {isa = PBXBuildFile; fileRef = 7339171A1CF73880007A3D7F /* wqrewkUITests.m */; };
/* End PBXBuildFile section */

/* Begin PBXContainerItemProxy section */
		7339170C1CF73880007A3D7F /* PBXContainerItemProxy */ = {
			isa = PBXContainerItemProxy;
			containerPortal = 733916EA1CF7387F007A3D7F /* Project object */;
			proxyType = 1;
			remoteGlobalIDString = 733916F11CF7387F007A3D7F;
			remoteInfo = wqrewk;
		};
		733917171CF73880007A3D7F /* PBXContainerItemProxy */ = {
			isa = PBXContainerItemProxy;
			containerPortal = 733916EA1CF7387F007A3D7F /* Project object */;
			proxyType = 1;
			remoteGlobalIDString = 733916F11CF7387F007A3D7F;
			remoteInfo = wqrewk;
		};
/* End PBXContainerItemProxy section */

/* Begin PBXFileReference section */
		733916F21CF7387F007A3D7F /* wqrewk.app */ = {isa = PBXFileReference; explicitFileType = wrapper.application; includeInIndex = 0; path = wqrewk.app; sourceTree = BUILT_PRODUCTS_DIR; };
		733916F61CF73880007A3D7F /* main.m */ = {isa = PBXFileReference; lastKnownFileType = sourcecode.c.objc; path = main.m; sourceTree = "<group>"; };
		733916F81CF73880007A3D7F /* AppDelegate.h */ = {isa = PBXFileReference; lastKnownFileType = sourcecode.c.h; path = AppDelegate.h; sourceTree = "<group>"; };
		733916F91CF73880007A3D7F /* AppDelegate.m */ = {isa = PBXFileReference; lastKnownFileType = sourcecode.c.objc; path = AppDelegate.m; sourceTree = "<group>"; };
		733916FB1CF73880007A3D7F /* ViewController.h */ = {isa = PBXFileReference; lastKnownFileType = sourcecode.c.h; path = ViewController.h; sourceTree = "<group>"; };
		733916FC1CF73880007A3D7F /* ViewController.m */ = {isa = PBXFileReference; lastKnownFileType = sourcecode.c.objc; path = ViewController.m; sourceTree = "<group>"; };
		733916FF1CF73880007A3D7F /* Base */ = {isa = PBXFileReference; lastKnownFileType = file.storyboard; name = Base; path = Base.lproj/Main.storyboard; sourceTree = "<group>"; };
		733917011CF73880007A3D7F /* Assets.xcassets */ = {isa = PBXFileReference; lastKnownFileType = folder.assetcatalog; path = Assets.xcassets; sourceTree = "<group>"; };
		733917041CF73880007A3D7F /* Base */ = {isa = PBXFileReference; lastKnownFileType = file.storyboard; name = Base; path = Base.lproj/LaunchScreen.storyboard; sourceTree = "<group>"; };
		733917061CF73880007A3D7F /* Info.plist */ = {isa = PBXFileReference; lastKnownFileType = text.plist.xml; path = Info.plist; sourceTree = "<group>"; };
		7339170B1CF73880007A3D7F /* wqrewkTests.xctest */ = {isa = PBXFileReference; explicitFileType = wrapper.cfbundle; includeInIndex = 0; path = wqrewkTests.xctest; sourceTree = BUILT_PRODUCTS_DIR; };
		7339170F1CF73880007A3D7F /* wqrewkTests.m */ = {isa = PBXFileReference; lastKnownFileType = sourcecode.c.objc; path = wqrewkTests.m; sourceTree = "<group>"; };
		733917111CF73880007A3D7F /* Info.plist */ = {isa = PBXFileReference; lastKnownFileType = text.plist.xml; path = Info.plist; sourceTree = "<group>"; };
		733917161CF73880007A3D7F /* wqrewkUITests.xctest */ = {isa = PBXFileReference; explicitFileType = wrapper.cfbundle; includeInIndex = 0; path = wqrewkUITests.xctest; sourceTree = BUILT_PRODUCTS_DIR; };
		7339171A1CF73880007A3D7F /* wqrewkUITests.m */ = {isa = PBXFileReference; lastKnownFileType = sourcecode.c.objc; path = wqrewkUITests.m; sourceTree = "<group>"; };
		7339171C1CF73880007A3D7F /* Info.plist */ = {isa = PBXFileReference; lastKnownFileType = text.plist.xml; path = Info.plist; sourceTree = "<group>"; };
/* End PBXFileReference section */

/* Begin PBXFrameworksBuildPhase section */
		733916EF1CF7387F007A3D7F /* Frameworks */ = {
			isa = PBXFrameworksBuildPhase;
			buildActionMask = 2147483647;
			files = (
			);
			runOnlyForDeploymentPostprocessing = 0;
		};
		733917081CF73880007A3D7F /* Frameworks */ = {
			isa = PBXFrameworksBuildPhase;
			buildActionMask = 2147483647;
			files = (
			);
			runOnlyForDeploymentPostprocessing = 0;
		};
		733917131CF73880007A3D7F /* Frameworks */ = {
			isa = PBXFrameworksBuildPhase;
			buildActionMask = 2147483647;
			files = (
			);
			runOnlyForDeploymentPostprocessing = 0;
		};
/* End PBXFrameworksBuildPhase section */

/* Begin PBXGroup section */
		733916E91CF7387F007A3D7F = {
			isa = PBXGroup;
			children = (
				733916F41CF7387F007A3D7F /* wqrewk */,
				7339170E1CF73880007A3D7F /* wqrewkTests */,
				733917191CF73880007A3D7F /* wqrewkUITests */,
				733916F31CF7387F007A3D7F /* Products */,
			);
			sourceTree = "<group>";
		};
		733916F31CF7387F007A3D7F /* Products */ = {
			isa = PBXGroup;
			children = (
				733916F21CF7387F007A3D7F /* wqrewk.app */,
				7339170B1CF73880007A3D7F /* wqrewkTests.xctest */,
				733917161CF73880007A3D7F /* wqrewkUITests.xctest */,
			);
			name = Products;
			sourceTree = "<group>";
		};
		733916F41CF7387F007A3D7F /* wqrewk */ = {
			isa = PBXGroup;
			children = (
				733916F81CF73880007A3D7F /* AppDelegate.h */,
				733916F91CF73880007A3D7F /* AppDelegate.m */,
				733916FB1CF73880007A3D7F /* ViewController.h */,
				733916FC1CF73880007A3D7F /* ViewController.m */,
				733916FE1CF73880007A3D7F /* Main.storyboard */,
				733917011CF73880007A3D7F /* Assets.xcassets */,
				733917031CF73880007A3D7F /* LaunchScreen.storyboard */,
				733917061CF73880007A3D7F /* Info.plist */,
				733916F51CF7387F007A3D7F /* Supporting Files */,
			);
			path = wqrewk;
			sourceTree = "<group>";
		};
		733916F51CF7387F007A3D7F /* Supporting Files */ = {
			isa = PBXGroup;
			children = (
				733916F61CF73880007A3D7F /* main.m */,
			);
			name = "Supporting Files";
			sourceTree = "<group>";
		};
		7339170E1CF73880007A3D7F /* wqrewkTests */ = {
			isa = PBXGroup;
			children = (
				7339170F1CF73880007A3D7F /* wqrewkTests.m */,
				733917111CF73880007A3D7F /* Info.plist */,
			);
			path = wqrewkTests;
			sourceTree = "<group>";
		};
		733917191CF73880007A3D7F /* wqrewkUITests */ = {
			isa = PBXGroup;
			children = (
				7339171A1CF73880007A3D7F /* wqrewkUITests.m */,
				7339171C1CF73880007A3D7F /* Info.plist */,
			);
			path = wqrewkUITests;
			sourceTree = "<group>";
		};
/* End PBXGroup section */

/* Begin PBXNativeTarget section */
		733916F11CF7387F007A3D7F /* wqrewk */ = {
			isa = PBXNativeTarget;
			buildConfigurationList = 7339171F1CF73880007A3D7F /* Build configuration list for PBXNativeTarget "wqrewk" */;
			buildPhases = (
				733916EE1CF7387F007A3D7F /* Sources */,
				733916EF1CF7387F007A3D7F /* Frameworks */,
				733916F01CF7387F007A3D7F /* Resources */,
			);
			buildRules = (
			);
			dependencies = (
			);
			name = wqrewk;
			productName = wqrewk;
			productReference = 733916F21CF7387F007A3D7F /* wqrewk.app */;
			productType = "com.apple.product-type.application";
		};
		7339170A1CF73880007A3D7F /* wqrewkTests */ = {
			isa = PBXNativeTarget;
			buildConfigurationList = 733917221CF73880007A3D7F /* Build configuration list for PBXNativeTarget "wqrewkTests" */;
			buildPhases = (
				733917071CF73880007A3D7F /* Sources */,
				733917081CF73880007A3D7F /* Frameworks */,
				733917091CF73880007A3D7F /* Resources */,
			);
			buildRules = (
			);
			dependencies = (
				7339170D1CF73880007A3D7F /* PBXTargetDependency */,
			);
			name = wqrewkTests;
			productName = wqrewkTests;
			productReference = 7339170B1CF73880007A3D7F /* wqrewkTests.xctest */;
			productType = "com.apple.product-type.bundle.unit-test";
		};
		733917151CF73880007A3D7F /* wqrewkUITests */ = {
			isa = PBXNativeTarget;
			buildConfigurationList = 733917251CF73880007A3D7F /* Build configuration list for PBXNativeTarget "wqrewkUITests" */;
			buildPhases = (
				733917121CF73880007A3D7F /* Sources */,
				733917131CF73880007A3D7F /* Frameworks */,
				733917141CF73880007A3D7F /* Resources */,
			);
			buildRules = (
			);
			dependencies = (
				733917181CF73880007A3D7F /* PBXTargetDependency */,
			);
			name = wqrewkUITests;
			productName = wqrewkUITests;
			productReference = 733917161CF73880007A3D7F /* wqrewkUITests.xctest */;
			productType = "com.apple.product-type.bundle.ui-testing";
		};
/* End PBXNativeTarget section */

/* Begin PBXProject section */
		733916EA1CF7387F007A3D7F /* Project object */ = {
			isa = PBXProject;
			attributes = {
				LastUpgradeCheck = 0720;
				ORGANIZATIONNAME = "ios-dev";
				TargetAttributes = {
					733916F11CF7387F007A3D7F = {
						CreatedOnToolsVersion = 7.2;
					};
					7339170A1CF73880007A3D7F = {
						CreatedOnToolsVersion = 7.2;
						TestTargetID = 733916F11CF7387F007A3D7F;
					};
					733917151CF73880007A3D7F = {
						CreatedOnToolsVersion = 7.2;
						TestTargetID = 733916F11CF7387F007A3D7F;
					};
				};
			};
			buildConfigurationList = 733916ED1CF7387F007A3D7F /* Build configuration list for PBXProject "wqrewk" */;
			compatibilityVersion = "Xcode 3.2";
			developmentRegion = English;
			hasScannedForEncodings = 0;
			knownRegions = (
				en,
				Base,
			);
			mainGroup = 733916E91CF7387F007A3D7F;
			productRefGroup = 733916F31CF7387F007A3D7F /* Products */;
			projectDirPath = "";
			projectRoot = "";
			targets = (
				733916F11CF7387F007A3D7F /* wqrewk */,
				7339170A1CF73880007A3D7F /* wqrewkTests */,
				733917151CF73880007A3D7F /* wqrewkUITests */,
			);
		};
/* End PBXProject section */

/* Begin PBXResourcesBuildPhase section */
		733916F01CF7387F007A3D7F /* Resources */ = {
			isa = PBXResourcesBuildPhase;
			buildActionMask = 2147483647;
			files = (
				733917051CF73880007A3D7F /* LaunchScreen.storyboard in Resources */,
				733917021CF73880007A3D7F /* Assets.xcassets in Resources */,
				733917001CF73880007A3D7F /* Main.storyboard in Resources */,
			);
			runOnlyForDeploymentPostprocessing = 0;
		};
		733917091CF73880007A3D7F /* Resources */ = {
			isa = PBXResourcesBuildPhase;
			buildActionMask = 2147483647;
			files = (
			);
			runOnlyForDeploymentPostprocessing = 0;
		};
		733917141CF73880007A3D7F /* Resources */ = {
			isa = PBXResourcesBuildPhase;
			buildActionMask = 2147483647;
			files = (
			);
			runOnlyForDeploymentPostprocessing = 0;
		};
/* End PBXResourcesBuildPhase section */

/* Begin PBXSourcesBuildPhase section */
		733916EE1CF7387F007A3D7F /* Sources */ = {
			isa = PBXSourcesBuildPhase;
			buildActionMask = 2147483647;
			files = (
				733916FD1CF73880007A3D7F /* ViewController.m in Sources */,
				733916FA1CF73880007A3D7F /* AppDelegate.m in Sources */,
				733916F71CF73880007A3D7F /* main.m in Sources */,
			);
			runOnlyForDeploymentPostprocessing = 0;
		};
		733917071CF73880007A3D7F /* Sources */ = {
			isa = PBXSourcesBuildPhase;
			buildActionMask = 2147483647;
			files = (
				733917101CF73880007A3D7F /* wqrewkTests.m in Sources */,
			);
			runOnlyForDeploymentPostprocessing = 0;
		};
		733917121CF73880007A3D7F /* Sources */ = {
			isa = PBXSourcesBuildPhase;
			buildActionMask = 2147483647;
			files = (
				7339171B1CF73880007A3D7F /* wqrewkUITests.m in Sources */,
			);
			runOnlyForDeploymentPostprocessing = 0;
		};
/* End PBXSourcesBuildPhase section */

/* Begin PBXTargetDependency section */
		7339170D1CF73880007A3D7F /* PBXTargetDependency */ = {
			isa = PBXTargetDependency;
			target = 733916F11CF7387F007A3D7F /* wqrewk */;
			targetProxy = 7339170C1CF73880007A3D7F /* PBXContainerItemProxy */;
		};
		733917181CF73880007A3D7F /* PBXTargetDependency */ = {
			isa = PBXTargetDependency;
			target = 733916F11CF7387F007A3D7F /* wqrewk */;
			targetProxy = 733917171CF73880007A3D7F /* PBXContainerItemProxy */;
		};
/* End PBXTargetDependency section */

/* Begin PBXVariantGroup section */
		733916FE1CF73880007A3D7F /* Main.storyboard */ = {
			isa = PBXVariantGroup;
			children = (
				733916FF1CF73880007A3D7F /* Base */,
			);
			name = Main.storyboard;
			sourceTree = "<group>";
		};
		733917031CF73880007A3D7F /* LaunchScreen.storyboard */ = {
			isa = PBXVariantGroup;
			children = (
				733917041CF73880007A3D7F /* Base */,
			);
			name = LaunchScreen.storyboard;
			sourceTree = "<group>";
		};
/* End PBXVariantGroup section */

/* Begin XCBuildConfiguration section */
		7339171D1CF73880007A3D7F /* Debug */ = {
			isa = XCBuildConfiguration;
			buildSettings = {
				ALWAYS_SEARCH_USER_PATHS = NO;
				CLANG_CXX_LANGUAGE_STANDARD = "gnu++0x";
				CLANG_CXX_LIBRARY = "libc++";
				CLANG_ENABLE_MODULES = YES;
				CLANG_ENABLE_OBJC_ARC = YES;
				CLANG_WARN_BOOL_CONVERSION = YES;
				CLANG_WARN_CONSTANT_CONVERSION = YES;
				CLANG_WARN_DIRECT_OBJC_ISA_USAGE = YES_ERROR;
				CLANG_WARN_EMPTY_BODY = YES;
				CLANG_WARN_ENUM_CONVERSION = YES;
				CLANG_WARN_INT_CONVERSION = YES;
				CLANG_WARN_OBJC_ROOT_CLASS = YES_ERROR;
				CLANG_WARN_UNREACHABLE_CODE = YES;
				CLANG_WARN__DUPLICATE_METHOD_MATCH = YES;
				"CODE_SIGN_IDENTITY[sdk=iphoneos*]" = "iPhone Developer";
				COPY_PHASE_STRIP = NO;
				DEBUG_INFORMATION_FORMAT = dwarf;
				ENABLE_STRICT_OBJC_MSGSEND = YES;
				ENABLE_TESTABILITY = YES;
				GCC_C_LANGUAGE_STANDARD = gnu99;
				GCC_DYNAMIC_NO_PIC = NO;
				GCC_NO_COMMON_BLOCKS = YES;
				GCC_OPTIMIZATION_LEVEL = 0;
				GCC_PREPROCESSOR_DEFINITIONS = (
					"DEBUG=1",
					"$(inherited)",
				);
				GCC_WARN_64_TO_32_BIT_CONVERSION = YES;
				GCC_WARN_ABOUT_RETURN_TYPE = YES_ERROR;
				GCC_WARN_UNDECLARED_SELECTOR = YES;
				GCC_WARN_UNINITIALIZED_AUTOS = YES_AGGRESSIVE;
				GCC_WARN_UNUSED_FUNCTION = YES;
				GCC_WARN_UNUSED_VARIABLE = YES;
				IPHONEOS_DEPLOYMENT_TARGET = 9.2;
				MTL_ENABLE_DEBUG_INFO = YES;
				ONLY_ACTIVE_ARCH = YES;
				SDKROOT = iphoneos;
				TARGETED_DEVICE_FAMILY = "1,2";
			};
			name = Debug;
		};
		7339171E1CF73880007A3D7F /* Release */ = {
			isa = XCBuildConfiguration;
			buildSettings = {
				ALWAYS_SEARCH_USER_PATHS = NO;
				CLANG_CXX_LANGUAGE_STANDARD = "gnu++0x";
				CLANG_CXX_LIBRARY = "libc++";
				CLANG_ENABLE_MODULES = YES;
				CLANG_ENABLE_OBJC_ARC = YES;
				CLANG_WARN_BOOL_CONVERSION = YES;
				CLANG_WARN_CONSTANT_CONVERSION = YES;
				CLANG_WARN_DIRECT_OBJC_ISA_USAGE = YES_ERROR;
				CLANG_WARN_EMPTY_BODY = YES;
				CLANG_WARN_ENUM_CONVERSION = YES;
				CLANG_WARN_INT_CONVERSION = YES;
				CLANG_WARN_OBJC_ROOT_CLASS = YES_ERROR;
				CLANG_WARN_UNREACHABLE_CODE = YES;
				CLANG_WARN__DUPLICATE_METHOD_MATCH = YES;
				"CODE_SIGN_IDENTITY[sdk=iphoneos*]" = "iPhone Developer";
				COPY_PHASE_STRIP = NO;
				DEBUG_INFORMATION_FORMAT = "dwarf-with-dsym";
				ENABLE_NS_ASSERTIONS = NO;
				ENABLE_STRICT_OBJC_MSGSEND = YES;
				GCC_C_LANGUAGE_STANDARD = gnu99;
				GCC_NO_COMMON_BLOCKS = YES;
				GCC_WARN_64_TO_32_BIT_CONVERSION = YES;
				GCC_WARN_ABOUT_RETURN_TYPE = YES_ERROR;
				GCC_WARN_UNDECLARED_SELECTOR = YES;
				GCC_WARN_UNINITIALIZED_AUTOS = YES_AGGRESSIVE;
				GCC_WARN_UNUSED_FUNCTION = YES;
				GCC_WARN_UNUSED_VARIABLE = YES;
				IPHONEOS_DEPLOYMENT_TARGET = 9.2;
				MTL_ENABLE_DEBUG_INFO = NO;
				SDKROOT = iphoneos;
				TARGETED_DEVICE_FAMILY = "1,2";
				VALIDATE_PRODUCT = YES;
			};
			name = Release;
		};
		733917201CF73880007A3D7F /* Debug */ = {
			isa = XCBuildConfiguration;
			buildSettings = {
				ASSETCATALOG_COMPILER_APPICON_NAME = AppIcon;
				INFOPLIST_FILE = wqrewk/Info.plist;
				LD_RUNPATH_SEARCH_PATHS = "$(inherited) @executable_path/Frameworks";
				PRODUCT_BUNDLE_IDENTIFIER = terry.wqrewk;
				PRODUCT_NAME = "$(TARGET_NAME)";
			};
			name = Debug;
		};
		733917211CF73880007A3D7F /* Release */ = {
			isa = XCBuildConfiguration;
			buildSettings = {
				ASSETCATALOG_COMPILER_APPICON_NAME = AppIcon;
				INFOPLIST_FILE = wqrewk/Info.plist;
				LD_RUNPATH_SEARCH_PATHS = "$(inherited) @executable_path/Frameworks";
				PRODUCT_BUNDLE_IDENTIFIER = terry.wqrewk;
				PRODUCT_NAME = "$(TARGET_NAME)";
			};
			name = Release;
		};
		733917231CF73880007A3D7F /* Debug */ = {
			isa = XCBuildConfiguration;
			buildSettings = {
				BUNDLE_LOADER = "$(TEST_HOST)";
				INFOPLIST_FILE = wqrewkTests/Info.plist;
				LD_RUNPATH_SEARCH_PATHS = "$(inherited) @executable_path/Frameworks @loader_path/Frameworks";
				PRODUCT_BUNDLE_IDENTIFIER = terry.wqrewkTests;
				PRODUCT_NAME = "$(TARGET_NAME)";
				TEST_HOST = "$(BUILT_PRODUCTS_DIR)/wqrewk.app/wqrewk";
			};
			name = Debug;
		};
		733917241CF73880007A3D7F /* Release */ = {
			isa = XCBuildConfiguration;
			buildSettings = {
				BUNDLE_LOADER = "$(TEST_HOST)";
				INFOPLIST_FILE = wqrewkTests/Info.plist;
				LD_RUNPATH_SEARCH_PATHS = "$(inherited) @executable_path/Frameworks @loader_path/Frameworks";
				PRODUCT_BUNDLE_IDENTIFIER = terry.wqrewkTests;
				PRODUCT_NAME = "$(TARGET_NAME)";
				TEST_HOST = "$(BUILT_PRODUCTS_DIR)/wqrewk.app/wqrewk";
			};
			name = Release;
		};
		733917261CF73880007A3D7F /* Debug */ = {
			isa = XCBuildConfiguration;
			buildSettings = {
				INFOPLIST_FILE = wqrewkUITests/Info.plist;
				LD_RUNPATH_SEARCH_PATHS = "$(inherited) @executable_path/Frameworks @loader_path/Frameworks";
				PRODUCT_BUNDLE_IDENTIFIER = terry.wqrewkUITests;
				PRODUCT_NAME = "$(TARGET_NAME)";
				TEST_TARGET_NAME = wqrewk;
				USES_XCTRUNNER = YES;
			};
			name = Debug;
		};
		733917271CF73880007A3D7F /* Release */ = {
			isa = XCBuildConfiguration;
			buildSettings = {
				INFOPLIST_FILE = wqrewkUITests/Info.plist;
				LD_RUNPATH_SEARCH_PATHS = "$(inherited) @executable_path/Frameworks @loader_path/Frameworks";
				PRODUCT_BUNDLE_IDENTIFIER = terry.wqrewkUITests;
				PRODUCT_NAME = "$(TARGET_NAME)";
				TEST_TARGET_NAME = wqrewk;
				USES_XCTRUNNER = YES;
			};
			name = Release;
		};
/* End XCBuildConfiguration section */

/* Begin XCConfigurationList section */
		733916ED1CF7387F007A3D7F /* Build configuration list for PBXProject "wqrewk" */ = {
			isa = XCConfigurationList;
			buildConfigurations = (
				7339171D1CF73880007A3D7F /* Debug */,
				7339171E1CF73880007A3D7F /* Release */,
			);
			defaultConfigurationIsVisible = 0;
			defaultConfigurationName = Release;
		};
		7339171F1CF73880007A3D7F /* Build configuration list for PBXNativeTarget "wqrewk" */ = {
			isa = XCConfigurationList;
			buildConfigurations = (
				733917201CF73880007A3D7F /* Debug */,
				733917211CF73880007A3D7F /* Release */,
			);
			defaultConfigurationIsVisible = 0;
		};
		733917221CF73880007A3D7F /* Build configuration list for PBXNativeTarget "wqrewkTests" */ = {
			isa = XCConfigurationList;
			buildConfigurations = (
				733917231CF73880007A3D7F /* Debug */,
				733917241CF73880007A3D7F /* Release */,
			);
			defaultConfigurationIsVisible = 0;
		};
		733917251CF73880007A3D7F /* Build configuration list for PBXNativeTarget "wqrewkUITests" */ = {
			isa = XCConfigurationList;
			buildConfigurations = (
				733917261CF73880007A3D7F /* Debug */,
				733917271CF73880007A3D7F /* Release */,
			);
			defaultConfigurationIsVisible = 0;
		};
/* End XCConfigurationList section */
	};
	rootObject = 733916EA1CF7387F007A3D7F /* Project object */;
}
